{
  "version": 4,
  "terraform_version": "0.12.29",
  "serial": 43,
  "lineage": "d15fa296-b6e0-4f34-61e8-bae16bb0d7b4",
  "outputs": {},
  "resources": [
    {
      "mode": "managed",
      "type": "google_app_engine_standard_app_version",
      "name": "frontend",
      "provider": "provider.google",
      "instances": [
        {
          "schema_version": 0,
          "attributes": {
            "automatic_scaling": [],
            "basic_scaling": [],
            "delete_service_on_destroy": false,
            "deployment": [
              {
                "files": [],
                "zip": [
                  {
                    "files_count": 0,
                    "source_url": "https://storage.googleapis.com/harbour-static-bucket/frontend.zip"
                  }
                ]
              }
            ],
            "entrypoint": [
              {
                "shell": "node frontend/app.js"
              }
            ],
            "env_variables": {
              "port": "8080"
            },
            "handlers": [
              {
                "auth_fail_action": "AUTH_FAIL_ACTION_REDIRECT",
                "login": "LOGIN_OPTIONAL",
                "redirect_http_response_code": "",
                "script": [
                  {
                    "script_path": "auto"
                  }
                ],
                "security_level": "SECURE_OPTIONAL",
                "static_files": [],
                "url_regex": ".*"
              }
            ],
            "id": "apps/harbour-da/services/frontend/versions/v1",
            "inbound_services": null,
            "instance_class": "F1",
            "libraries": [],
            "manual_scaling": [],
            "name": "apps/harbour-da/services/frontend/versions/v1",
            "noop_on_destroy": false,
            "project": "harbour-da",
            "runtime": "nodejs10",
            "runtime_api_version": "",
            "service": "frontend",
            "threadsafe": null,
            "timeouts": null,
            "version_id": "v1"
          },
          "private": "eyJlMmJmYjczMC1lY2FhLTExZTYtOGY4OC0zNDM2M2JjN2M0YzAiOnsiY3JlYXRlIjoyNDAwMDAwMDAwMDAsImRlbGV0ZSI6MjQwMDAwMDAwMDAwLCJ1cGRhdGUiOjI0MDAwMDAwMDAwMH19",
          "dependencies": [
            "google_storage_bucket.harbour_static_bucket",
            "google_storage_bucket_object.frontend"
          ]
        }
      ]
    },
    {
      "mode": "managed",
      "type": "google_cloudfunctions_function",
      "name": "calculation_function",
      "provider": "provider.google",
      "instances": [
        {
          "schema_version": 0,
          "attributes": {
            "available_memory_mb": 128,
            "description": "Calculaiton function",
            "entry_point": "calculate",
            "environment_variables": {},
            "event_trigger": [],
            "https_trigger_url": "https://us-central1-harbour-da.cloudfunctions.net/calculationFunction",
            "id": "projects/harbour-da/locations/us-central1/functions/calculationFunction",
            "ingress_settings": "ALLOW_ALL",
            "labels": {},
            "max_instances": 0,
            "name": "calculationFunction",
            "project": "harbour-da",
            "region": "us-central1",
            "runtime": "python37",
            "service_account_email": "harbour-da@appspot.gserviceaccount.com",
            "source_archive_bucket": "harbour-static-bucket",
            "source_archive_object": "main.zip",
            "source_repository": [],
            "timeout": 60,
            "timeouts": null,
            "trigger_http": true,
            "vpc_connector": "",
            "vpc_connector_egress_settings": ""
          },
          "private": "eyJlMmJmYjczMC1lY2FhLTExZTYtOGY4OC0zNDM2M2JjN2M0YzAiOnsiY3JlYXRlIjozMDAwMDAwMDAwMDAsImRlbGV0ZSI6MzAwMDAwMDAwMDAwLCJyZWFkIjozMDAwMDAwMDAwMDAsInVwZGF0ZSI6MzAwMDAwMDAwMDAwfX0=",
          "dependencies": [
            "google_storage_bucket.harbour_static_bucket",
            "google_storage_bucket_object.backend"
          ]
        }
      ]
    },
    {
      "mode": "managed",
      "type": "google_cloudfunctions_function_iam_member",
      "name": "invoker",
      "provider": "provider.google",
      "instances": [
        {
          "schema_version": 0,
          "attributes": {
            "cloud_function": "projects/harbour-da/locations/us-central1/functions/calculationFunction",
            "condition": [],
            "etag": "BwWtEg2sWkU=",
            "id": "projects/harbour-da/locations/us-central1/functions/calculationFunction/roles/cloudfunctions.invoker/allusers",
            "member": "allUsers",
            "project": "harbour-da",
            "region": "us-central1",
            "role": "roles/cloudfunctions.invoker"
          },
          "private": "bnVsbA==",
          "dependencies": [
            "google_cloudfunctions_function.calculation_function",
            "google_storage_bucket.harbour_static_bucket",
            "google_storage_bucket_object.backend"
          ]
        }
      ]
    },
    {
      "mode": "managed",
      "type": "google_storage_bucket",
      "name": "harbour_static_bucket",
      "provider": "provider.google",
      "instances": [
        {
          "schema_version": 0,
          "attributes": {
            "bucket_policy_only": false,
            "cors": [],
            "default_event_based_hold": false,
            "encryption": [],
            "force_destroy": false,
            "id": "harbour-static-bucket",
            "labels": {},
            "lifecycle_rule": [],
            "location": "US",
            "logging": [],
            "name": "harbour-static-bucket",
            "project": "harbour-da",
            "requester_pays": false,
            "retention_policy": [],
            "self_link": "https://www.googleapis.com/storage/v1/b/harbour-static-bucket",
            "storage_class": "STANDARD",
            "url": "gs://harbour-static-bucket",
            "versioning": [],
            "website": []
          },
          "private": "bnVsbA=="
        }
      ]
    },
    {
      "mode": "managed",
      "type": "google_storage_bucket_object",
      "name": "backend",
      "provider": "provider.google",
      "instances": [
        {
          "schema_version": 0,
          "attributes": {
            "bucket": "harbour-static-bucket",
            "cache_control": "",
            "content": null,
            "content_disposition": "",
            "content_encoding": "",
            "content_language": "",
            "content_type": "application/zip",
            "crc32c": "mxo5Xg==",
            "detect_md5hash": "DThi/OO1cNVQ8yV5+r7ngw==",
            "id": "harbour-static-bucket-main.zip",
            "md5hash": "DThi/OO1cNVQ8yV5+r7ngw==",
            "media_link": "https://www.googleapis.com/download/storage/v1/b/harbour-static-bucket/o/main.zip?generation=1597667889524662\u0026alt=media",
            "metadata": {},
            "name": "main.zip",
            "output_name": "main.zip",
            "self_link": "https://www.googleapis.com/storage/v1/b/harbour-static-bucket/o/main.zip",
            "source": "../backend/main.zip",
            "storage_class": "STANDARD"
          },
          "private": "bnVsbA==",
          "dependencies": [
            "google_storage_bucket.harbour_static_bucket"
          ]
        }
      ]
    },
    {
      "mode": "managed",
      "type": "google_storage_bucket_object",
      "name": "frontend",
      "provider": "provider.google",
      "instances": [
        {
          "schema_version": 0,
          "attributes": {
            "bucket": "harbour-static-bucket",
            "cache_control": "",
            "content": null,
            "content_disposition": "",
            "content_encoding": "",
            "content_language": "",
            "content_type": "application/zip",
            "crc32c": "Q4kUPg==",
            "detect_md5hash": "9k9VinkhHg5ZEchCSfs8LA==",
            "id": "harbour-static-bucket-frontend.zip",
            "md5hash": "9k9VinkhHg5ZEchCSfs8LA==",
            "media_link": "https://www.googleapis.com/download/storage/v1/b/harbour-static-bucket/o/frontend.zip?generation=1597668786392188\u0026alt=media",
            "metadata": null,
            "name": "frontend.zip",
            "output_name": "frontend.zip",
            "self_link": "https://www.googleapis.com/storage/v1/b/harbour-static-bucket/o/frontend.zip",
            "source": "../frontend.zip",
            "storage_class": "STANDARD"
          },
          "private": "bnVsbA==",
          "dependencies": [
            "google_storage_bucket.harbour_static_bucket"
          ]
        }
      ]
    }
  ]
}
